# This file is automatically @generated by Cargo.
# It is not intended for manual editing.
version = 3

[[package]]
name = "p_allocator"
version = "0.1.0"
dependencies = [
 "weensyos-process",
 "weensyos-shared",
]

[[package]]
name = "weensyos-process"
version = "0.1.0"
dependencies = [
 "weensyos-shared",
]

[[package]]
name = "weensyos-shared"
version = "0.1.0"
